// !$*UTF8*$!
{
	archiveVersion = 1;
	classes = {
	};
	objectVersion = 56;
	objects = {

/* Begin PBXBuildFile section */
		C16435052AC0F40600EB5855 /* AppDelegate.swift in Sources */ = {isa = PBXBuildFile; fileRef = C16435042AC0F40600EB5855 /* AppDelegate.swift */; };
		C16435072AC0F40600EB5855 /* SceneDelegate.swift in Sources */ = {isa = PBXBuildFile; fileRef = C16435062AC0F40600EB5855 /* SceneDelegate.swift */; };
		C16435092AC0F40700EB5855 /* ViewController.swift in Sources */ = {isa = PBXBuildFile; fileRef = C16435082AC0F40700EB5855 /* ViewController.swift */; };
		C164350C2AC0F40700EB5855 /* Main.storyboard in Resources */ = {isa = PBXBuildFile; fileRef = C164350A2AC0F40700EB5855 /* Main.storyboard */; };
		C164350E2AC0F40800EB5855 /* Assets.xcassets in Resources */ = {isa = PBXBuildFile; fileRef = C164350D2AC0F40800EB5855 /* Assets.xcassets */; };
		C16435112AC0F40800EB5855 /* LaunchScreen.storyboard in Resources */ = {isa = PBXBuildFile; fileRef = C164350F2AC0F40800EB5855 /* LaunchScreen.storyboard */; };
		C16435192AC0F66100EB5855 /* coupon.png in Resources */ = {isa = PBXBuildFile; fileRef = C16435182AC0F66100EB5855 /* coupon.png */; };
		C19B17862AC1045B00F899E6 /* button1.png in Resources */ = {isa = PBXBuildFile; fileRef = C19B17852AC1045B00F899E6 /* button1.png */; };
		C19B17882AC106D200F899E6 /* button3.png in Resources */ = {isa = PBXBuildFile; fileRef = C19B17872AC106D200F899E6 /* button3.png */; };
		C19B178C2AC1087000F899E6 /* ad.png in Resources */ = {isa = PBXBuildFile; fileRef = C19B178B2AC1087000F899E6 /* ad.png */; };
		C19B178E2AC10B6E00F899E6 /* buttons.png in Resources */ = {isa = PBXBuildFile; fileRef = C19B178D2AC10B6E00F899E6 /* buttons.png */; };
/* End PBXBuildFile section */

/* Begin PBXFileReference section */
		C16435012AC0F40600EB5855 /* PeopleOfDelievery_Clone.app */ = {isa = PBXFileReference; explicitFileType = wrapper.application; includeInIndex = 0; path = PeopleOfDelievery_Clone.app; sourceTree = BUILT_PRODUCTS_DIR; };
		C16435042AC0F40600EB5855 /* AppDelegate.swift */ = {isa = PBXFileReference; lastKnownFileType = sourcecode.swift; path = AppDelegate.swift; sourceTree = "<group>"; };
		C16435062AC0F40600EB5855 /* SceneDelegate.swift */ = {isa = PBXFileReference; lastKnownFileType = sourcecode.swift; path = SceneDelegate.swift; sourceTree = "<group>"; };
		C16435082AC0F40700EB5855 /* ViewController.swift */ = {isa = PBXFileReference; lastKnownFileType = sourcecode.swift; path = ViewController.swift; sourceTree = "<group>"; };
		C164350B2AC0F40700EB5855 /* Base */ = {isa = PBXFileReference; lastKnownFileType = file.storyboard; name = Base; path = Base.lproj/Main.storyboard; sourceTree = "<group>"; };
		C164350D2AC0F40800EB5855 /* Assets.xcassets */ = {isa = PBXFileReference; lastKnownFileType = folder.assetcatalog; path = Assets.xcassets; sourceTree = "<group>"; };
		C16435102AC0F40800EB5855 /* Base */ = {isa = PBXFileReference; lastKnownFileType = file.storyboard; name = Base; path = Base.lproj/LaunchScreen.storyboard; sourceTree = "<group>"; };
		C16435122AC0F40800EB5855 /* Info.plist */ = {isa = PBXFileReference; lastKnownFileType = text.plist.xml; path = Info.plist; sourceTree = "<group>"; };
		C16435182AC0F66100EB5855 /* coupon.png */ = {isa = PBXFileReference; lastKnownFileType = image.png; path = coupon.png; sourceTree = "<group>"; };
		C19B17852AC1045B00F899E6 /* button1.png */ = {isa = PBXFileReference; lastKnownFileType = image.png; path = button1.png; sourceTree = "<group>"; };
		C19B17872AC106D200F899E6 /* button3.png */ = {isa = PBXFileReference; lastKnownFileType = image.png; path = button3.png; sourceTree = "<group>"; };
		C19B178B2AC1087000F899E6 /* ad.png */ = {isa = PBXFileReference; lastKnownFileType = image.png; path = ad.png; sourceTree = "<group>"; };
		C19B178D2AC10B6E00F899E6 /* buttons.png */ = {isa = PBXFileReference; lastKnownFileType = image.png; path = buttons.png; sourceTree = "<group>"; };
/* End PBXFileReference section */

/* Begin PBXFrameworksBuildPhase section */
		C16434FE2AC0F40600EB5855 /* Frameworks */ = {
			isa = PBXFrameworksBuildPhase;
			buildActionMask = 2147483647;
			files = (
			);
			runOnlyForDeploymentPostprocessing = 0;
		};
/* End PBXFrameworksBuildPhase section */

/* Begin PBXGroup section */
		C16434F82AC0F40600EB5855 = {
			isa = PBXGroup;
			children = (
				C16435032AC0F40600EB5855 /* PeopleOfDelievery_Clone */,
				C16435022AC0F40600EB5855 /* Products */,
			);
			sourceTree = "<group>";
		};
		C16435022AC0F40600EB5855 /* Products */ = {
			isa = PBXGroup;
			children = (
				C16435012AC0F40600EB5855 /* PeopleOfDelievery_Clone.app */,
			);
			name = Products;
			sourceTree = "<group>";
		};
		C16435032AC0F40600EB5855 /* PeopleOfDelievery_Clone */ = {
			isa = PBXGroup;
			children = (
				C16435042AC0F40600EB5855 /* AppDelegate.swift */,
				C16435062AC0F40600EB5855 /* SceneDelegate.swift */,
				C16435082AC0F40700EB5855 /* ViewController.swift */,
				C164350A2AC0F40700EB5855 /* Main.storyboard */,
				C164350D2AC0F40800EB5855 /* Assets.xcassets */,
				C164350F2AC0F40800EB5855 /* LaunchScreen.storyboard */,
				C16435122AC0F40800EB5855 /* Info.plist */,
				C16435182AC0F66100EB5855 /* coupon.png */,
				C19B17852AC1045B00F899E6 /* button1.png */,
				C19B17872AC106D200F899E6 /* button3.png */,
				C19B178B2AC1087000F899E6 /* ad.png */,
				C19B178D2AC10B6E00F899E6 /* buttons.png */,
			);
			path = PeopleOfDelievery_Clone;
			sourceTree = "<group>";
		};
/* End PBXGroup section */

/* Begin PBXNativeTarget section */
		C16435002AC0F40600EB5855 /* PeopleOfDelievery_Clone */ = {
			isa = PBXNativeTarget;
			buildConfigurationList = C16435152AC0F40800EB5855 /* Build configuration list for PBXNativeTarget "PeopleOfDelievery_Clone" */;
			buildPhases = (
				C16434FD2AC0F40600EB5855 /* Sources */,
				C16434FE2AC0F40600EB5855 /* Frameworks */,
				C16434FF2AC0F40600EB5855 /* Resources */,
			);
			buildRules = (
			);
			dependencies = (
			);
			name = PeopleOfDelievery_Clone;
			productName = PeopleOfDelievery_Clone;
			productReference = C16435012AC0F40600EB5855 /* PeopleOfDelievery_Clone.app */;
			productType = "com.apple.product-type.application";
		};
/* End PBXNativeTarget section */

/* Begin PBXProject section */
		C16434F92AC0F40600EB5855 /* Project object */ = {
			isa = PBXProject;
			attributes = {
				BuildIndependentTargetsInParallel = 1;
				LastSwiftUpdateCheck = 1500;
				LastUpgradeCheck = 1500;
				TargetAttributes = {
					C16435002AC0F40600EB5855 = {
						CreatedOnToolsVersion = 15.0;
					};
				};
			};
			buildConfigurationList = C16434FC2AC0F40600EB5855 /* Build configuration list for PBXProject "PeopleOfDelievery_Clone" */;
			compatibilityVersion = "Xcode 14.0";
			developmentRegion = en;
			hasScannedForEncodings = 0;
			knownRegions = (
				en,
				Base,
			);
			mainGroup = C16434F82AC0F40600EB5855;
			productRefGroup = C16435022AC0F40600EB5855 /* Products */;
			projectDirPath = "";
			projectRoot = "";
			targets = (
				C16435002AC0F40600EB5855 /* PeopleOfDelievery_Clone */,
			);
		};
/* End PBXProject section */

/* Begin PBXResourcesBuildPhase section */
		C16434FF2AC0F40600EB5855 /* Resources */ = {
			isa = PBXResourcesBuildPhase;
			buildActionMask = 2147483647;
			files = (
				C16435112AC0F40800EB5855 /* LaunchScreen.storyboard in Resources */,
				C19B178C2AC1087000F899E6 /* ad.png in Resources */,
				C164350E2AC0F40800EB5855 /* Assets.xcassets in Resources */,
				C19B17882AC106D200F899E6 /* button3.png in Resources */,
				C19B17862AC1045B00F899E6 /* button1.png in Resources */,
				C19B178E2AC10B6E00F899E6 /* buttons.png in Resources */,
				C164350C2AC0F40700EB5855 /* Main.storyboard in Resources */,
				C16435192AC0F66100EB5855 /* coupon.png in Resources */,
			);
			runOnlyForDeploymentPostprocessing = 0;
		};
/* End PBXResourcesBuildPhase section */

/* Begin PBXSourcesBuildPhase section */
		C16434FD2AC0F40600EB5855 /* Sources */ = {
			isa = PBXSourcesBuildPhase;
			buildActionMask = 2147483647;
			files = (
				C16435092AC0F40700EB5855 /* ViewController.swift in Sources */,
				C16435052AC0F40600EB5855 /* AppDelegate.swift in Sources */,
				C16435072AC0F40600EB5855 /* SceneDelegate.swift in Sources */,
			);
			runOnlyForDeploymentPostprocessing = 0;
		};
/* End PBXSourcesBuildPhase section */

/* Begin PBXVariantGroup section */
		C164350A2AC0F40700EB5855 /* Main.storyboard */ = {
			isa = PBXVariantGroup;
			children = (
				C164350B2AC0F40700EB5855 /* Base */,
			);
			name = Main.storyboard;
			sourceTree = "<group>";
		};
		C164350F2AC0F40800EB5855 /* LaunchScreen.storyboard */ = {
			isa = PBXVariantGroup;
			children = (
				C16435102AC0F40800EB5855 /* Base */,
			);
			name = LaunchScreen.storyboard;
			sourceTree = "<group>";
		};
/* End PBXVariantGroup section */

/* Begin XCBuildConfiguration section */
		C16435132AC0F40800EB5855 /* Debug */ = {
			isa = XCBuildConfiguration;
			buildSettings = {
				ALWAYS_SEARCH_USER_PATHS = NO;
				ASSETCATALOG_COMPILER_GENERATE_SWIFT_ASSET_SYMBOL_EXTENSIONS = YES;
				CLANG_ANALYZER_NONNULL = YES;
				CLANG_ANALYZER_NUMBER_OBJECT_CONVERSION = YES_AGGRESSIVE;
				CLANG_CXX_LANGUAGE_STANDARD = "gnu++20";
				CLANG_ENABLE_MODULES = YES;
				CLANG_ENABLE_OBJC_ARC = YES;
				CLANG_ENABLE_OBJC_WEAK = YES;
				CLANG_WARN_BLOCK_CAPTURE_AUTORELEASING = YES;
				CLANG_WARN_BOOL_CONVERSION = YES;
				CLANG_WARN_COMMA = YES;
				CLANG_WARN_CONSTANT_CONVERSION = YES;
				CLANG_WARN_DEPRECATED_OBJC_IMPLEMENTATIONS = YES;
				CLANG_WARN_DIRECT_OBJC_ISA_USAGE = YES_ERROR;
				CLANG_WARN_DOCUMENTATION_COMMENTS = YES;
				CLANG_WARN_EMPTY_BODY = YES;
				CLANG_WARN_ENUM_CONVERSION = YES;
				CLANG_WARN_INFINITE_RECURSION = YES;
				CLANG_WARN_INT_CONVERSION = YES;
				CLANG_WARN_NON_LITERAL_NULL_CONVERSION = YES;
				CLANG_WARN_OBJC_IMPLICIT_RETAIN_SELF = YES;
				CLANG_WARN_OBJC_LITERAL_CONVERSION = YES;
				CLANG_WARN_OBJC_ROOT_CLASS = YES_ERROR;
				CLANG_WARN_QUOTED_INCLUDE_IN_FRAMEWORK_HEADER = YES;
				CLANG_WARN_RANGE_LOOP_ANALYSIS = YES;
				CLANG_WARN_STRICT_PROTOTYPES = YES;
				CLANG_WARN_SUSPICIOUS_MOVE = YES;
				CLANG_WARN_UNGUARDED_AVAILABILITY = YES_AGGRESSIVE;
				CLANG_WARN_UNREACHABLE_CODE = YES;
				CLANG_WARN__DUPLICATE_METHOD_MATCH = YES;
				COPY_PHASE_STRIP = NO;
				DEBUG_INFORMATION_FORMAT = dwarf;
				ENABLE_STRICT_OBJC_MSGSEND = YES;
				ENABLE_TESTABILITY = YES;
				ENABLE_USER_SCRIPT_SANDBOXING = YES;
				GCC_C_LANGUAGE_STANDARD = gnu17;
				GCC_DYNAMIC_NO_PIC = NO;
				GCC_NO_COMMON_BLOCKS = YES;
				GCC_OPTIMIZATION_LEVEL = 0;
				GCC_PREPROCESSOR_DEFINITIONS = (
					"DEBUG=1",
					"$(inherited)",
				);
				GCC_WARN_64_TO_32_BIT_CONVERSION = YES;
				GCC_WARN_ABOUT_RETURN_TYPE = YES_ERROR;
				GCC_WARN_UNDECLARED_SELECTOR = YES;
				GCC_WARN_UNINITIALIZED_AUTOS = YES_AGGRESSIVE;
				GCC_WARN_UNUSED_FUNCTION = YES;
				GCC_WARN_UNUSED_VARIABLE = YES;
				IPHONEOS_DEPLOYMENT_TARGET = 17.0;
				LOCALIZATION_PREFERS_STRING_CATALOGS = YES;
				MTL_ENABLE_DEBUG_INFO = INCLUDE_SOURCE;
				MTL_FAST_MATH = YES;
				ONLY_ACTIVE_ARCH = YES;
				SDKROOT = iphoneos;
				SWIFT_ACTIVE_COMPILATION_CONDITIONS = "DEBUG $(inherited)";
				SWIFT_OPTIMIZATION_LEVEL = "-Onone";
			};
			name = Debug;
		};
		C16435142AC0F40800EB5855 /* Release */ = {
			isa = XCBuildConfiguration;
			buildSettings = {
				ALWAYS_SEARCH_USER_PATHS = NO;
				ASSETCATALOG_COMPILER_GENERATE_SWIFT_ASSET_SYMBOL_EXTENSIONS = YES;
				CLANG_ANALYZER_NONNULL = YES;
				CLANG_ANALYZER_NUMBER_OBJECT_CONVERSION = YES_AGGRESSIVE;
				CLANG_CXX_LANGUAGE_STANDARD = "gnu++20";
				CLANG_ENABLE_MODULES = YES;
				CLANG_ENABLE_OBJC_ARC = YES;
				CLANG_ENABLE_OBJC_WEAK = YES;
				CLANG_WARN_BLOCK_CAPTURE_AUTORELEASING = YES;
				CLANG_WARN_BOOL_CONVERSION = YES;
				CLANG_WARN_COMMA = YES;
				CLANG_WARN_CONSTANT_CONVERSION = YES;
				CLANG_WARN_DEPRECATED_OBJC_IMPLEMENTATIONS = YES;
				CLANG_WARN_DIRECT_OBJC_ISA_USAGE = YES_ERROR;
				CLANG_WARN_DOCUMENTATION_COMMENTS = YES;
				CLANG_WARN_EMPTY_BODY = YES;
				CLANG_WARN_ENUM_CONVERSION = YES;
				CLANG_WARN_INFINITE_RECURSION = YES;
				CLANG_WARN_INT_CONVERSION = YES;
				CLANG_WARN_NON_LITERAL_NULL_CONVERSION = YES;
				CLANG_WARN_OBJC_IMPLICIT_RETAIN_SELF = YES;
				CLANG_WARN_OBJC_LITERAL_CONVERSION = YES;
				CLANG_WARN_OBJC_ROOT_CLASS = YES_ERROR;
				CLANG_WARN_QUOTED_INCLUDE_IN_FRAMEWORK_HEADER = YES;
				CLANG_WARN_RANGE_LOOP_ANALYSIS = YES;
				CLANG_WARN_STRICT_PROTOTYPES = YES;
				CLANG_WARN_SUSPICIOUS_MOVE = YES;
				CLANG_WARN_UNGUARDED_AVAILABILITY = YES_AGGRESSIVE;
				CLANG_WARN_UNREACHABLE_CODE = YES;
				CLANG_WARN__DUPLICATE_METHOD_MATCH = YES;
				COPY_PHASE_STRIP = NO;
				DEBUG_INFORMATION_FORMAT = "dwarf-with-dsym";
				ENABLE_NS_ASSERTIONS = NO;
				ENABLE_STRICT_OBJC_MSGSEND = YES;
				ENABLE_USER_SCRIPT_SANDBOXING = YES;
				GCC_C_LANGUAGE_STANDARD = gnu17;
				GCC_NO_COMMON_BLOCKS = YES;
				GCC_WARN_64_TO_32_BIT_CONVERSION = YES;
				GCC_WARN_ABOUT_RETURN_TYPE = YES_ERROR;
				GCC_WARN_UNDECLARED_SELECTOR = YES;
				GCC_WARN_UNINITIALIZED_AUTOS = YES_AGGRESSIVE;
				GCC_WARN_UNUSED_FUNCTION = YES;
				GCC_WARN_UNUSED_VARIABLE = YES;
				IPHONEOS_DEPLOYMENT_TARGET = 17.0;
				LOCALIZATION_PREFERS_STRING_CATALOGS = YES;
				MTL_ENABLE_DEBUG_INFO = NO;
				MTL_FAST_MATH = YES;
				SDKROOT = iphoneos;
				SWIFT_COMPILATION_MODE = wholemodule;
				VALIDATE_PRODUCT = YES;
			};
			name = Release;
		};
		C16435162AC0F40800EB5855 /* Debug */ = {
			isa = XCBuildConfiguration;
			buildSettings = {
				ASSETCATALOG_COMPILER_APPICON_NAME = AppIcon;
				ASSETCATALOG_COMPILER_GLOBAL_ACCENT_COLOR_NAME = AccentColor;
				CODE_SIGN_STYLE = Automatic;
				CURRENT_PROJECT_VERSION = 1;
				DEVELOPMENT_TEAM = G2C8H2LVDV;
				GENERATE_INFOPLIST_FILE = YES;
				INFOPLIST_FILE = PeopleOfDelievery_Clone/Info.plist;
				INFOPLIST_KEY_UIApplicationSupportsIndirectInputEvents = YES;
				INFOPLIST_KEY_UILaunchStoryboardName = LaunchScreen;
				INFOPLIST_KEY_UIMainStoryboardFile = Main;
				INFOPLIST_KEY_UISupportedInterfaceOrientations_iPad = "UIInterfaceOrientationPortrait UIInterfaceOrientationPortraitUpsideDown UIInterfaceOrientationLandscapeLeft UIInterfaceOrientationLandscapeRight";
				INFOPLIST_KEY_UISupportedInterfaceOrientations_iPhone = "UIInterfaceOrientationPortrait UIInterfaceOrientationLandscapeLeft UIInterfaceOrientationLandscapeRight";
				LD_RUNPATH_SEARCH_PATHS = (
					"$(inherited)",
					"@executable_path/Frameworks",
				);
				MARKETING_VERSION = 1.0;
				PRODUCT_BUNDLE_IDENTIFIER = "LeeHyunHo.PeopleOfDelievery-Clone";
				PRODUCT_NAME = "$(TARGET_NAME)";
				SWIFT_EMIT_LOC_STRINGS = YES;
				SWIFT_VERSION = 5.0;
				TARGETED_DEVICE_FAMILY = "1,2";
			};
			name = Debug;
		};
		C16435172AC0F40800EB5855 /* Release */ = {
			isa = XCBuildConfiguration;
			buildSettings = {
				ASSETCATALOG_COMPILER_APPICON_NAME = AppIcon;
				ASSETCATALOG_COMPILER_GLOBAL_ACCENT_COLOR_NAME = AccentColor;
				CODE_SIGN_STYLE = Automatic;
				CURRENT_PROJECT_VERSION = 1;
				DEVELOPMENT_TEAM = G2C8H2LVDV;
				GENERATE_INFOPLIST_FILE = YES;
				INFOPLIST_FILE = PeopleOfDelievery_Clone/Info.plist;
				INFOPLIST_KEY_UIApplicationSupportsIndirectInputEvents = YES;
				INFOPLIST_KEY_UILaunchStoryboardName = LaunchScreen;
				INFOPLIST_KEY_UIMainStoryboardFile = Main;
				INFOPLIST_KEY_UISupportedInterfaceOrientations_iPad = "UIInterfaceOrientationPortrait UIInterfaceOrientationPortraitUpsideDown UIInterfaceOrientationLandscapeLeft UIInterfaceOrientationLandscapeRight";
				INFOPLIST_KEY_UISupportedInterfaceOrientations_iPhone = "UIInterfaceOrientationPortrait UIInterfaceOrientationLandscapeLeft UIInterfaceOrientationLandscapeRight";
				LD_RUNPATH_SEARCH_PATHS = (
					"$(inherited)",
					"@executable_path/Frameworks",
				);
				MARKETING_VERSION = 1.0;
				PRODUCT_BUNDLE_IDENTIFIER = "LeeHyunHo.PeopleOfDelievery-Clone";
				PRODUCT_NAME = "$(TARGET_NAME)";
				SWIFT_EMIT_LOC_STRINGS = YES;
				SWIFT_VERSION = 5.0;
				TARGETED_DEVICE_FAMILY = "1,2";
			};
			name = Release;
		};
/* End XCBuildConfiguration section */

/* Begin XCConfigurationList section */
		C16434FC2AC0F40600EB5855 /* Build configuration list for PBXProject "PeopleOfDelievery_Clone" */ = {
			isa = XCConfigurationList;
			buildConfigurations = (
				C16435132AC0F40800EB5855 /* Debug */,
				C16435142AC0F40800EB5855 /* Release */,
			);
			defaultConfigurationIsVisible = 0;
			defaultConfigurationName = Release;
		};
		C16435152AC0F40800EB5855 /* Build configuration list for PBXNativeTarget "PeopleOfDelievery_Clone" */ = {
			isa = XCConfigurationList;
			buildConfigurations = (
				C16435162AC0F40800EB5855 /* Debug */,
				C16435172AC0F40800EB5855 /* Release */,
			);
			defaultConfigurationIsVisible = 0;
			defaultConfigurationName = Release;
		};
/* End XCConfigurationList section */
	};
	rootObject = C16434F92AC0F40600EB5855 /* Project object */;
}
