// !$*UTF8*$!
{
	archiveVersion = 1;
	classes = {
	};
	objectVersion = 56;
	objects = {

/* Begin PBXBuildFile section */
		31D228B42AED27AF000C5712 /* AppDelegate.swift in Sources */ = {isa = PBXBuildFile; fileRef = 31D228B32AED27AF000C5712 /* AppDelegate.swift */; };
		31D228B62AED27AF000C5712 /* SceneDelegate.swift in Sources */ = {isa = PBXBuildFile; fileRef = 31D228B52AED27AF000C5712 /* SceneDelegate.swift */; };
		31D228B82AED27AF000C5712 /* ViewController.swift in Sources */ = {isa = PBXBuildFile; fileRef = 31D228B72AED27AF000C5712 /* ViewController.swift */; };
		31D228BD2AED27B0000C5712 /* Assets.xcassets in Resources */ = {isa = PBXBuildFile; fileRef = 31D228BC2AED27B0000C5712 /* Assets.xcassets */; };
		31D228C02AED27B0000C5712 /* LaunchScreen.storyboard in Resources */ = {isa = PBXBuildFile; fileRef = 31D228BE2AED27B0000C5712 /* LaunchScreen.storyboard */; };
		31D228CB2AED27B0000C5712 /* week5Tests.swift in Sources */ = {isa = PBXBuildFile; fileRef = 31D228CA2AED27B0000C5712 /* week5Tests.swift */; };
		31D228D52AED27B0000C5712 /* week5UITests.swift in Sources */ = {isa = PBXBuildFile; fileRef = 31D228D42AED27B0000C5712 /* week5UITests.swift */; };
		31D228D72AED27B0000C5712 /* week5UITestsLaunchTests.swift in Sources */ = {isa = PBXBuildFile; fileRef = 31D228D62AED27B0000C5712 /* week5UITestsLaunchTests.swift */; };
		31D228E42AED2881000C5712 /* UIPreview.swift in Sources */ = {isa = PBXBuildFile; fileRef = 31D228E32AED2881000C5712 /* UIPreview.swift */; };
		31D48C1D2AEE756C00C1FFEC /* KakaoSDK in Frameworks */ = {isa = PBXBuildFile; productRef = 31D48C1C2AEE756C00C1FFEC /* KakaoSDK */; };
		31D48C202AEE759E00C1FFEC /* Moya in Frameworks */ = {isa = PBXBuildFile; productRef = 31D48C1F2AEE759E00C1FFEC /* Moya */; };
		31D48C232AEE77BF00C1FFEC /* SnapKit in Frameworks */ = {isa = PBXBuildFile; productRef = 31D48C222AEE77BF00C1FFEC /* SnapKit */; };
		31DF90182AEE7A50007F5577 /* WeatherViewController.swift in Sources */ = {isa = PBXBuildFile; fileRef = 31DF90172AEE7A50007F5577 /* WeatherViewController.swift */; };
		31DF901A2AEE8198007F5577 /* MoyaRequest.swift in Sources */ = {isa = PBXBuildFile; fileRef = 31DF90192AEE8198007F5577 /* MoyaRequest.swift */; };
		31DF901C2AEE8362007F5577 /* WeatherResponse.swift in Sources */ = {isa = PBXBuildFile; fileRef = 31DF901B2AEE8362007F5577 /* WeatherResponse.swift */; };
/* End PBXBuildFile section */

/* Begin PBXContainerItemProxy section */
		31D228C72AED27B0000C5712 /* PBXContainerItemProxy */ = {
			isa = PBXContainerItemProxy;
			containerPortal = 31D228A82AED27AF000C5712 /* Project object */;
			proxyType = 1;
			remoteGlobalIDString = 31D228AF2AED27AF000C5712;
			remoteInfo = week5;
		};
		31D228D12AED27B0000C5712 /* PBXContainerItemProxy */ = {
			isa = PBXContainerItemProxy;
			containerPortal = 31D228A82AED27AF000C5712 /* Project object */;
			proxyType = 1;
			remoteGlobalIDString = 31D228AF2AED27AF000C5712;
			remoteInfo = week5;
		};
/* End PBXContainerItemProxy section */

/* Begin PBXFileReference section */
		31D228B02AED27AF000C5712 /* week5.app */ = {isa = PBXFileReference; explicitFileType = wrapper.application; includeInIndex = 0; path = week5.app; sourceTree = BUILT_PRODUCTS_DIR; };
		31D228B32AED27AF000C5712 /* AppDelegate.swift */ = {isa = PBXFileReference; lastKnownFileType = sourcecode.swift; path = AppDelegate.swift; sourceTree = "<group>"; };
		31D228B52AED27AF000C5712 /* SceneDelegate.swift */ = {isa = PBXFileReference; lastKnownFileType = sourcecode.swift; path = SceneDelegate.swift; sourceTree = "<group>"; };
		31D228B72AED27AF000C5712 /* ViewController.swift */ = {isa = PBXFileReference; lastKnownFileType = sourcecode.swift; path = ViewController.swift; sourceTree = "<group>"; };
		31D228BC2AED27B0000C5712 /* Assets.xcassets */ = {isa = PBXFileReference; lastKnownFileType = folder.assetcatalog; path = Assets.xcassets; sourceTree = "<group>"; };
		31D228BF2AED27B0000C5712 /* Base */ = {isa = PBXFileReference; lastKnownFileType = file.storyboard; name = Base; path = Base.lproj/LaunchScreen.storyboard; sourceTree = "<group>"; };
		31D228C12AED27B0000C5712 /* Info.plist */ = {isa = PBXFileReference; lastKnownFileType = text.plist.xml; path = Info.plist; sourceTree = "<group>"; };
		31D228C62AED27B0000C5712 /* week5Tests.xctest */ = {isa = PBXFileReference; explicitFileType = wrapper.cfbundle; includeInIndex = 0; path = week5Tests.xctest; sourceTree = BUILT_PRODUCTS_DIR; };
		31D228CA2AED27B0000C5712 /* week5Tests.swift */ = {isa = PBXFileReference; lastKnownFileType = sourcecode.swift; path = week5Tests.swift; sourceTree = "<group>"; };
		31D228D02AED27B0000C5712 /* week5UITests.xctest */ = {isa = PBXFileReference; explicitFileType = wrapper.cfbundle; includeInIndex = 0; path = week5UITests.xctest; sourceTree = BUILT_PRODUCTS_DIR; };
		31D228D42AED27B0000C5712 /* week5UITests.swift */ = {isa = PBXFileReference; lastKnownFileType = sourcecode.swift; path = week5UITests.swift; sourceTree = "<group>"; };
		31D228D62AED27B0000C5712 /* week5UITestsLaunchTests.swift */ = {isa = PBXFileReference; lastKnownFileType = sourcecode.swift; path = week5UITestsLaunchTests.swift; sourceTree = "<group>"; };
		31D228E32AED2881000C5712 /* UIPreview.swift */ = {isa = PBXFileReference; lastKnownFileType = sourcecode.swift; path = UIPreview.swift; sourceTree = "<group>"; };
		31DF90172AEE7A50007F5577 /* WeatherViewController.swift */ = {isa = PBXFileReference; lastKnownFileType = sourcecode.swift; path = WeatherViewController.swift; sourceTree = "<group>"; };
		31DF90192AEE8198007F5577 /* MoyaRequest.swift */ = {isa = PBXFileReference; lastKnownFileType = sourcecode.swift; path = MoyaRequest.swift; sourceTree = "<group>"; };
		31DF901B2AEE8362007F5577 /* WeatherResponse.swift */ = {isa = PBXFileReference; lastKnownFileType = sourcecode.swift; path = WeatherResponse.swift; sourceTree = "<group>"; };
/* End PBXFileReference section */

/* Begin PBXFrameworksBuildPhase section */
		31D228AD2AED27AF000C5712 /* Frameworks */ = {
			isa = PBXFrameworksBuildPhase;
			buildActionMask = 2147483647;
			files = (
				31D48C232AEE77BF00C1FFEC /* SnapKit in Frameworks */,
				31D48C202AEE759E00C1FFEC /* Moya in Frameworks */,
				31D48C1D2AEE756C00C1FFEC /* KakaoSDK in Frameworks */,
			);
			runOnlyForDeploymentPostprocessing = 0;
		};
		31D228C32AED27B0000C5712 /* Frameworks */ = {
			isa = PBXFrameworksBuildPhase;
			buildActionMask = 2147483647;
			files = (
			);
			runOnlyForDeploymentPostprocessing = 0;
		};
		31D228CD2AED27B0000C5712 /* Frameworks */ = {
			isa = PBXFrameworksBuildPhase;
			buildActionMask = 2147483647;
			files = (
			);
			runOnlyForDeploymentPostprocessing = 0;
		};
/* End PBXFrameworksBuildPhase section */

/* Begin PBXGroup section */
		31D228A72AED27AF000C5712 = {
			isa = PBXGroup;
			children = (
				31D228B22AED27AF000C5712 /* week5 */,
				31D228C92AED27B0000C5712 /* week5Tests */,
				31D228D32AED27B0000C5712 /* week5UITests */,
				31D228B12AED27AF000C5712 /* Products */,
			);
			sourceTree = "<group>";
		};
		31D228B12AED27AF000C5712 /* Products */ = {
			isa = PBXGroup;
			children = (
				31D228B02AED27AF000C5712 /* week5.app */,
				31D228C62AED27B0000C5712 /* week5Tests.xctest */,
				31D228D02AED27B0000C5712 /* week5UITests.xctest */,
			);
			name = Products;
			sourceTree = "<group>";
		};
		31D228B22AED27AF000C5712 /* week5 */ = {
			isa = PBXGroup;
			children = (
				31D228B32AED27AF000C5712 /* AppDelegate.swift */,
				31D228B52AED27AF000C5712 /* SceneDelegate.swift */,
				31D228B72AED27AF000C5712 /* ViewController.swift */,
				31DF90172AEE7A50007F5577 /* WeatherViewController.swift */,
				31DF90192AEE8198007F5577 /* MoyaRequest.swift */,
				31DF901B2AEE8362007F5577 /* WeatherResponse.swift */,
				31D228E32AED2881000C5712 /* UIPreview.swift */,
				31D228BC2AED27B0000C5712 /* Assets.xcassets */,
				31D228BE2AED27B0000C5712 /* LaunchScreen.storyboard */,
				31D228C12AED27B0000C5712 /* Info.plist */,
			);
			path = week5;
			sourceTree = "<group>";
		};
		31D228C92AED27B0000C5712 /* week5Tests */ = {
			isa = PBXGroup;
			children = (
				31D228CA2AED27B0000C5712 /* week5Tests.swift */,
			);
			path = week5Tests;
			sourceTree = "<group>";
		};
		31D228D32AED27B0000C5712 /* week5UITests */ = {
			isa = PBXGroup;
			children = (
				31D228D42AED27B0000C5712 /* week5UITests.swift */,
				31D228D62AED27B0000C5712 /* week5UITestsLaunchTests.swift */,
			);
			path = week5UITests;
			sourceTree = "<group>";
		};
/* End PBXGroup section */

/* Begin PBXNativeTarget section */
		31D228AF2AED27AF000C5712 /* week5 */ = {
			isa = PBXNativeTarget;
			buildConfigurationList = 31D228DA2AED27B0000C5712 /* Build configuration list for PBXNativeTarget "week5" */;
			buildPhases = (
				31D228AC2AED27AF000C5712 /* Sources */,
				31D228AD2AED27AF000C5712 /* Frameworks */,
				31D228AE2AED27AF000C5712 /* Resources */,
			);
			buildRules = (
			);
			dependencies = (
			);
			name = week5;
			packageProductDependencies = (
				31D48C1C2AEE756C00C1FFEC /* KakaoSDK */,
				31D48C1F2AEE759E00C1FFEC /* Moya */,
				31D48C222AEE77BF00C1FFEC /* SnapKit */,
			);
			productName = week5;
			productReference = 31D228B02AED27AF000C5712 /* week5.app */;
			productType = "com.apple.product-type.application";
		};
		31D228C52AED27B0000C5712 /* week5Tests */ = {
			isa = PBXNativeTarget;
			buildConfigurationList = 31D228DD2AED27B0000C5712 /* Build configuration list for PBXNativeTarget "week5Tests" */;
			buildPhases = (
				31D228C22AED27B0000C5712 /* Sources */,
				31D228C32AED27B0000C5712 /* Frameworks */,
				31D228C42AED27B0000C5712 /* Resources */,
			);
			buildRules = (
			);
			dependencies = (
				31D228C82AED27B0000C5712 /* PBXTargetDependency */,
			);
			name = week5Tests;
			productName = week5Tests;
			productReference = 31D228C62AED27B0000C5712 /* week5Tests.xctest */;
			productType = "com.apple.product-type.bundle.unit-test";
		};
		31D228CF2AED27B0000C5712 /* week5UITests */ = {
			isa = PBXNativeTarget;
			buildConfigurationList = 31D228E02AED27B0000C5712 /* Build configuration list for PBXNativeTarget "week5UITests" */;
			buildPhases = (
				31D228CC2AED27B0000C5712 /* Sources */,
				31D228CD2AED27B0000C5712 /* Frameworks */,
				31D228CE2AED27B0000C5712 /* Resources */,
			);
			buildRules = (
			);
			dependencies = (
				31D228D22AED27B0000C5712 /* PBXTargetDependency */,
			);
			name = week5UITests;
			productName = week5UITests;
			productReference = 31D228D02AED27B0000C5712 /* week5UITests.xctest */;
			productType = "com.apple.product-type.bundle.ui-testing";
		};
/* End PBXNativeTarget section */

/* Begin PBXProject section */
		31D228A82AED27AF000C5712 /* Project object */ = {
			isa = PBXProject;
			attributes = {
				BuildIndependentTargetsInParallel = 1;
				LastSwiftUpdateCheck = 1500;
				LastUpgradeCheck = 1500;
				TargetAttributes = {
					31D228AF2AED27AF000C5712 = {
						CreatedOnToolsVersion = 15.0.1;
					};
					31D228C52AED27B0000C5712 = {
						CreatedOnToolsVersion = 15.0.1;
						TestTargetID = 31D228AF2AED27AF000C5712;
					};
					31D228CF2AED27B0000C5712 = {
						CreatedOnToolsVersion = 15.0.1;
						TestTargetID = 31D228AF2AED27AF000C5712;
					};
				};
			};
			buildConfigurationList = 31D228AB2AED27AF000C5712 /* Build configuration list for PBXProject "week5" */;
			compatibilityVersion = "Xcode 14.0";
			developmentRegion = en;
			hasScannedForEncodings = 0;
			knownRegions = (
				en,
				Base,
			);
			mainGroup = 31D228A72AED27AF000C5712;
			packageReferences = (
				31D48C1B2AEE756C00C1FFEC /* XCRemoteSwiftPackageReference "kakao-ios-sdk" */,
				31D48C1E2AEE759E00C1FFEC /* XCRemoteSwiftPackageReference "Moya" */,
				31D48C212AEE77BF00C1FFEC /* XCRemoteSwiftPackageReference "SnapKit" */,
			);
			productRefGroup = 31D228B12AED27AF000C5712 /* Products */;
			projectDirPath = "";
			projectRoot = "";
			targets = (
				31D228AF2AED27AF000C5712 /* week5 */,
				31D228C52AED27B0000C5712 /* week5Tests */,
				31D228CF2AED27B0000C5712 /* week5UITests */,
			);
		};
/* End PBXProject section */

/* Begin PBXResourcesBuildPhase section */
		31D228AE2AED27AF000C5712 /* Resources */ = {
			isa = PBXResourcesBuildPhase;
			buildActionMask = 2147483647;
			files = (
				31D228C02AED27B0000C5712 /* LaunchScreen.storyboard in Resources */,
				31D228BD2AED27B0000C5712 /* Assets.xcassets in Resources */,
			);
			runOnlyForDeploymentPostprocessing = 0;
		};
		31D228C42AED27B0000C5712 /* Resources */ = {
			isa = PBXResourcesBuildPhase;
			buildActionMask = 2147483647;
			files = (
			);
			runOnlyForDeploymentPostprocessing = 0;
		};
		31D228CE2AED27B0000C5712 /* Resources */ = {
			isa = PBXResourcesBuildPhase;
			buildActionMask = 2147483647;
			files = (
			);
			runOnlyForDeploymentPostprocessing = 0;
		};
/* End PBXResourcesBuildPhase section */

/* Begin PBXSourcesBuildPhase section */
		31D228AC2AED27AF000C5712 /* Sources */ = {
			isa = PBXSourcesBuildPhase;
			buildActionMask = 2147483647;
			files = (
				31D228B82AED27AF000C5712 /* ViewController.swift in Sources */,
				31DF901A2AEE8198007F5577 /* MoyaRequest.swift in Sources */,
				31DF90182AEE7A50007F5577 /* WeatherViewController.swift in Sources */,
				31DF901C2AEE8362007F5577 /* WeatherResponse.swift in Sources */,
				31D228B42AED27AF000C5712 /* AppDelegate.swift in Sources */,
				31D228E42AED2881000C5712 /* UIPreview.swift in Sources */,
				31D228B62AED27AF000C5712 /* SceneDelegate.swift in Sources */,
			);
			runOnlyForDeploymentPostprocessing = 0;
		};
		31D228C22AED27B0000C5712 /* Sources */ = {
			isa = PBXSourcesBuildPhase;
			buildActionMask = 2147483647;
			files = (
				31D228CB2AED27B0000C5712 /* week5Tests.swift in Sources */,
			);
			runOnlyForDeploymentPostprocessing = 0;
		};
		31D228CC2AED27B0000C5712 /* Sources */ = {
			isa = PBXSourcesBuildPhase;
			buildActionMask = 2147483647;
			files = (
				31D228D72AED27B0000C5712 /* week5UITestsLaunchTests.swift in Sources */,
				31D228D52AED27B0000C5712 /* week5UITests.swift in Sources */,
			);
			runOnlyForDeploymentPostprocessing = 0;
		};
/* End PBXSourcesBuildPhase section */

/* Begin PBXTargetDependency section */
		31D228C82AED27B0000C5712 /* PBXTargetDependency */ = {
			isa = PBXTargetDependency;
			target = 31D228AF2AED27AF000C5712 /* week5 */;
			targetProxy = 31D228C72AED27B0000C5712 /* PBXContainerItemProxy */;
		};
		31D228D22AED27B0000C5712 /* PBXTargetDependency */ = {
			isa = PBXTargetDependency;
			target = 31D228AF2AED27AF000C5712 /* week5 */;
			targetProxy = 31D228D12AED27B0000C5712 /* PBXContainerItemProxy */;
		};
/* End PBXTargetDependency section */

/* Begin PBXVariantGroup section */
		31D228BE2AED27B0000C5712 /* LaunchScreen.storyboard */ = {
			isa = PBXVariantGroup;
			children = (
				31D228BF2AED27B0000C5712 /* Base */,
			);
			name = LaunchScreen.storyboard;
			sourceTree = "<group>";
		};
/* End PBXVariantGroup section */

/* Begin XCBuildConfiguration section */
		31D228D82AED27B0000C5712 /* Debug */ = {
			isa = XCBuildConfiguration;
			buildSettings = {
				ALWAYS_SEARCH_USER_PATHS = NO;
				ASSETCATALOG_COMPILER_GENERATE_SWIFT_ASSET_SYMBOL_EXTENSIONS = YES;
				CLANG_ANALYZER_NONNULL = YES;
				CLANG_ANALYZER_NUMBER_OBJECT_CONVERSION = YES_AGGRESSIVE;
				CLANG_CXX_LANGUAGE_STANDARD = "gnu++20";
				CLANG_ENABLE_MODULES = YES;
				CLANG_ENABLE_OBJC_ARC = YES;
				CLANG_ENABLE_OBJC_WEAK = YES;
				CLANG_WARN_BLOCK_CAPTURE_AUTORELEASING = YES;
				CLANG_WARN_BOOL_CONVERSION = YES;
				CLANG_WARN_COMMA = YES;
				CLANG_WARN_CONSTANT_CONVERSION = YES;
				CLANG_WARN_DEPRECATED_OBJC_IMPLEMENTATIONS = YES;
				CLANG_WARN_DIRECT_OBJC_ISA_USAGE = YES_ERROR;
				CLANG_WARN_DOCUMENTATION_COMMENTS = YES;
				CLANG_WARN_EMPTY_BODY = YES;
				CLANG_WARN_ENUM_CONVERSION = YES;
				CLANG_WARN_INFINITE_RECURSION = YES;
				CLANG_WARN_INT_CONVERSION = YES;
				CLANG_WARN_NON_LITERAL_NULL_CONVERSION = YES;
				CLANG_WARN_OBJC_IMPLICIT_RETAIN_SELF = YES;
				CLANG_WARN_OBJC_LITERAL_CONVERSION = YES;
				CLANG_WARN_OBJC_ROOT_CLASS = YES_ERROR;
				CLANG_WARN_QUOTED_INCLUDE_IN_FRAMEWORK_HEADER = YES;
				CLANG_WARN_RANGE_LOOP_ANALYSIS = YES;
				CLANG_WARN_STRICT_PROTOTYPES = YES;
				CLANG_WARN_SUSPICIOUS_MOVE = YES;
				CLANG_WARN_UNGUARDED_AVAILABILITY = YES_AGGRESSIVE;
				CLANG_WARN_UNREACHABLE_CODE = YES;
				CLANG_WARN__DUPLICATE_METHOD_MATCH = YES;
				COPY_PHASE_STRIP = NO;
				DEBUG_INFORMATION_FORMAT = dwarf;
				ENABLE_STRICT_OBJC_MSGSEND = YES;
				ENABLE_TESTABILITY = YES;
				ENABLE_USER_SCRIPT_SANDBOXING = YES;
				GCC_C_LANGUAGE_STANDARD = gnu17;
				GCC_DYNAMIC_NO_PIC = NO;
				GCC_NO_COMMON_BLOCKS = YES;
				GCC_OPTIMIZATION_LEVEL = 0;
				GCC_PREPROCESSOR_DEFINITIONS = (
					"DEBUG=1",
					"$(inherited)",
				);
				GCC_WARN_64_TO_32_BIT_CONVERSION = YES;
				GCC_WARN_ABOUT_RETURN_TYPE = YES_ERROR;
				GCC_WARN_UNDECLARED_SELECTOR = YES;
				GCC_WARN_UNINITIALIZED_AUTOS = YES_AGGRESSIVE;
				GCC_WARN_UNUSED_FUNCTION = YES;
				GCC_WARN_UNUSED_VARIABLE = YES;
				IPHONEOS_DEPLOYMENT_TARGET = 17.0;
				LOCALIZATION_PREFERS_STRING_CATALOGS = YES;
				MTL_ENABLE_DEBUG_INFO = INCLUDE_SOURCE;
				MTL_FAST_MATH = YES;
				ONLY_ACTIVE_ARCH = YES;
				SDKROOT = iphoneos;
				SWIFT_ACTIVE_COMPILATION_CONDITIONS = "DEBUG $(inherited)";
				SWIFT_OPTIMIZATION_LEVEL = "-Onone";
			};
			name = Debug;
		};
		31D228D92AED27B0000C5712 /* Release */ = {
			isa = XCBuildConfiguration;
			buildSettings = {
				ALWAYS_SEARCH_USER_PATHS = NO;
				ASSETCATALOG_COMPILER_GENERATE_SWIFT_ASSET_SYMBOL_EXTENSIONS = YES;
				CLANG_ANALYZER_NONNULL = YES;
				CLANG_ANALYZER_NUMBER_OBJECT_CONVERSION = YES_AGGRESSIVE;
				CLANG_CXX_LANGUAGE_STANDARD = "gnu++20";
				CLANG_ENABLE_MODULES = YES;
				CLANG_ENABLE_OBJC_ARC = YES;
				CLANG_ENABLE_OBJC_WEAK = YES;
				CLANG_WARN_BLOCK_CAPTURE_AUTORELEASING = YES;
				CLANG_WARN_BOOL_CONVERSION = YES;
				CLANG_WARN_COMMA = YES;
				CLANG_WARN_CONSTANT_CONVERSION = YES;
				CLANG_WARN_DEPRECATED_OBJC_IMPLEMENTATIONS = YES;
				CLANG_WARN_DIRECT_OBJC_ISA_USAGE = YES_ERROR;
				CLANG_WARN_DOCUMENTATION_COMMENTS = YES;
				CLANG_WARN_EMPTY_BODY = YES;
				CLANG_WARN_ENUM_CONVERSION = YES;
				CLANG_WARN_INFINITE_RECURSION = YES;
				CLANG_WARN_INT_CONVERSION = YES;
				CLANG_WARN_NON_LITERAL_NULL_CONVERSION = YES;
				CLANG_WARN_OBJC_IMPLICIT_RETAIN_SELF = YES;
				CLANG_WARN_OBJC_LITERAL_CONVERSION = YES;
				CLANG_WARN_OBJC_ROOT_CLASS = YES_ERROR;
				CLANG_WARN_QUOTED_INCLUDE_IN_FRAMEWORK_HEADER = YES;
				CLANG_WARN_RANGE_LOOP_ANALYSIS = YES;
				CLANG_WARN_STRICT_PROTOTYPES = YES;
				CLANG_WARN_SUSPICIOUS_MOVE = YES;
				CLANG_WARN_UNGUARDED_AVAILABILITY = YES_AGGRESSIVE;
				CLANG_WARN_UNREACHABLE_CODE = YES;
				CLANG_WARN__DUPLICATE_METHOD_MATCH = YES;
				COPY_PHASE_STRIP = NO;
				DEBUG_INFORMATION_FORMAT = "dwarf-with-dsym";
				ENABLE_NS_ASSERTIONS = NO;
				ENABLE_STRICT_OBJC_MSGSEND = YES;
				ENABLE_USER_SCRIPT_SANDBOXING = YES;
				GCC_C_LANGUAGE_STANDARD = gnu17;
				GCC_NO_COMMON_BLOCKS = YES;
				GCC_WARN_64_TO_32_BIT_CONVERSION = YES;
				GCC_WARN_ABOUT_RETURN_TYPE = YES_ERROR;
				GCC_WARN_UNDECLARED_SELECTOR = YES;
				GCC_WARN_UNINITIALIZED_AUTOS = YES_AGGRESSIVE;
				GCC_WARN_UNUSED_FUNCTION = YES;
				GCC_WARN_UNUSED_VARIABLE = YES;
				IPHONEOS_DEPLOYMENT_TARGET = 17.0;
				LOCALIZATION_PREFERS_STRING_CATALOGS = YES;
				MTL_ENABLE_DEBUG_INFO = NO;
				MTL_FAST_MATH = YES;
				SDKROOT = iphoneos;
				SWIFT_COMPILATION_MODE = wholemodule;
				VALIDATE_PRODUCT = YES;
			};
			name = Release;
		};
		31D228DB2AED27B0000C5712 /* Debug */ = {
			isa = XCBuildConfiguration;
			buildSettings = {
				ASSETCATALOG_COMPILER_APPICON_NAME = AppIcon;
				ASSETCATALOG_COMPILER_GLOBAL_ACCENT_COLOR_NAME = AccentColor;
				CODE_SIGN_STYLE = Automatic;
				CURRENT_PROJECT_VERSION = 1;
				GENERATE_INFOPLIST_FILE = YES;
				INFOPLIST_FILE = week5/Info.plist;
				INFOPLIST_KEY_UIApplicationSupportsIndirectInputEvents = YES;
				INFOPLIST_KEY_UILaunchStoryboardName = LaunchScreen;
				INFOPLIST_KEY_UIMainStoryboardFile = "";
				INFOPLIST_KEY_UISupportedInterfaceOrientations_iPad = "UIInterfaceOrientationPortrait UIInterfaceOrientationPortraitUpsideDown UIInterfaceOrientationLandscapeLeft UIInterfaceOrientationLandscapeRight";
				INFOPLIST_KEY_UISupportedInterfaceOrientations_iPhone = "UIInterfaceOrientationPortrait UIInterfaceOrientationLandscapeLeft UIInterfaceOrientationLandscapeRight";
				IPHONEOS_DEPLOYMENT_TARGET = 16.0;
				LD_RUNPATH_SEARCH_PATHS = (
					"$(inherited)",
					"@executable_path/Frameworks",
				);
				MARKETING_VERSION = 1.0;
				PRODUCT_BUNDLE_IDENTIFIER = taipaise.week5;
				PRODUCT_NAME = "$(TARGET_NAME)";
				SWIFT_EMIT_LOC_STRINGS = YES;
				SWIFT_VERSION = 5.0;
				TARGETED_DEVICE_FAMILY = "1,2";
			};
			name = Debug;
		};
		31D228DC2AED27B0000C5712 /* Release */ = {
			isa = XCBuildConfiguration;
			buildSettings = {
				ASSETCATALOG_COMPILER_APPICON_NAME = AppIcon;
				ASSETCATALOG_COMPILER_GLOBAL_ACCENT_COLOR_NAME = AccentColor;
				CODE_SIGN_STYLE = Automatic;
				CURRENT_PROJECT_VERSION = 1;
				GENERATE_INFOPLIST_FILE = YES;
				INFOPLIST_FILE = week5/Info.plist;
				INFOPLIST_KEY_UIApplicationSupportsIndirectInputEvents = YES;
				INFOPLIST_KEY_UILaunchStoryboardName = LaunchScreen;
				INFOPLIST_KEY_UIMainStoryboardFile = "";
				INFOPLIST_KEY_UISupportedInterfaceOrientations_iPad = "UIInterfaceOrientationPortrait UIInterfaceOrientationPortraitUpsideDown UIInterfaceOrientationLandscapeLeft UIInterfaceOrientationLandscapeRight";
				INFOPLIST_KEY_UISupportedInterfaceOrientations_iPhone = "UIInterfaceOrientationPortrait UIInterfaceOrientationLandscapeLeft UIInterfaceOrientationLandscapeRight";
				IPHONEOS_DEPLOYMENT_TARGET = 16.0;
				LD_RUNPATH_SEARCH_PATHS = (
					"$(inherited)",
					"@executable_path/Frameworks",
				);
				MARKETING_VERSION = 1.0;
				PRODUCT_BUNDLE_IDENTIFIER = taipaise.week5;
				PRODUCT_NAME = "$(TARGET_NAME)";
				SWIFT_EMIT_LOC_STRINGS = YES;
				SWIFT_VERSION = 5.0;
				TARGETED_DEVICE_FAMILY = "1,2";
			};
			name = Release;
		};
		31D228DE2AED27B0000C5712 /* Debug */ = {
			isa = XCBuildConfiguration;
			buildSettings = {
				ALWAYS_EMBED_SWIFT_STANDARD_LIBRARIES = YES;
				BUNDLE_LOADER = "$(TEST_HOST)";
				CODE_SIGN_STYLE = Automatic;
				CURRENT_PROJECT_VERSION = 1;
				GENERATE_INFOPLIST_FILE = YES;
				IPHONEOS_DEPLOYMENT_TARGET = 17.0;
				MARKETING_VERSION = 1.0;
				PRODUCT_BUNDLE_IDENTIFIER = taipaise.week5Tests;
				PRODUCT_NAME = "$(TARGET_NAME)";
				SWIFT_EMIT_LOC_STRINGS = NO;
				SWIFT_VERSION = 5.0;
				TARGETED_DEVICE_FAMILY = "1,2";
				TEST_HOST = "$(BUILT_PRODUCTS_DIR)/week5.app/$(BUNDLE_EXECUTABLE_FOLDER_PATH)/week5";
			};
			name = Debug;
		};
		31D228DF2AED27B0000C5712 /* Release */ = {
			isa = XCBuildConfiguration;
			buildSettings = {
				ALWAYS_EMBED_SWIFT_STANDARD_LIBRARIES = YES;
				BUNDLE_LOADER = "$(TEST_HOST)";
				CODE_SIGN_STYLE = Automatic;
				CURRENT_PROJECT_VERSION = 1;
				GENERATE_INFOPLIST_FILE = YES;
				IPHONEOS_DEPLOYMENT_TARGET = 17.0;
				MARKETING_VERSION = 1.0;
				PRODUCT_BUNDLE_IDENTIFIER = taipaise.week5Tests;
				PRODUCT_NAME = "$(TARGET_NAME)";
				SWIFT_EMIT_LOC_STRINGS = NO;
				SWIFT_VERSION = 5.0;
				TARGETED_DEVICE_FAMILY = "1,2";
				TEST_HOST = "$(BUILT_PRODUCTS_DIR)/week5.app/$(BUNDLE_EXECUTABLE_FOLDER_PATH)/week5";
			};
			name = Release;
		};
		31D228E12AED27B0000C5712 /* Debug */ = {
			isa = XCBuildConfiguration;
			buildSettings = {
				ALWAYS_EMBED_SWIFT_STANDARD_LIBRARIES = YES;
				CODE_SIGN_STYLE = Automatic;
				CURRENT_PROJECT_VERSION = 1;
				GENERATE_INFOPLIST_FILE = YES;
				MARKETING_VERSION = 1.0;
				PRODUCT_BUNDLE_IDENTIFIER = taipaise.week5UITests;
				PRODUCT_NAME = "$(TARGET_NAME)";
				SWIFT_EMIT_LOC_STRINGS = NO;
				SWIFT_VERSION = 5.0;
				TARGETED_DEVICE_FAMILY = "1,2";
				TEST_TARGET_NAME = week5;
			};
			name = Debug;
		};
		31D228E22AED27B0000C5712 /* Release */ = {
			isa = XCBuildConfiguration;
			buildSettings = {
				ALWAYS_EMBED_SWIFT_STANDARD_LIBRARIES = YES;
				CODE_SIGN_STYLE = Automatic;
				CURRENT_PROJECT_VERSION = 1;
				GENERATE_INFOPLIST_FILE = YES;
				MARKETING_VERSION = 1.0;
				PRODUCT_BUNDLE_IDENTIFIER = taipaise.week5UITests;
				PRODUCT_NAME = "$(TARGET_NAME)";
				SWIFT_EMIT_LOC_STRINGS = NO;
				SWIFT_VERSION = 5.0;
				TARGETED_DEVICE_FAMILY = "1,2";
				TEST_TARGET_NAME = week5;
			};
			name = Release;
		};
/* End XCBuildConfiguration section */

/* Begin XCConfigurationList section */
		31D228AB2AED27AF000C5712 /* Build configuration list for PBXProject "week5" */ = {
			isa = XCConfigurationList;
			buildConfigurations = (
				31D228D82AED27B0000C5712 /* Debug */,
				31D228D92AED27B0000C5712 /* Release */,
			);
			defaultConfigurationIsVisible = 0;
			defaultConfigurationName = Release;
		};
		31D228DA2AED27B0000C5712 /* Build configuration list for PBXNativeTarget "week5" */ = {
			isa = XCConfigurationList;
			buildConfigurations = (
				31D228DB2AED27B0000C5712 /* Debug */,
				31D228DC2AED27B0000C5712 /* Release */,
			);
			defaultConfigurationIsVisible = 0;
			defaultConfigurationName = Release;
		};
		31D228DD2AED27B0000C5712 /* Build configuration list for PBXNativeTarget "week5Tests" */ = {
			isa = XCConfigurationList;
			buildConfigurations = (
				31D228DE2AED27B0000C5712 /* Debug */,
				31D228DF2AED27B0000C5712 /* Release */,
			);
			defaultConfigurationIsVisible = 0;
			defaultConfigurationName = Release;
		};
		31D228E02AED27B0000C5712 /* Build configuration list for PBXNativeTarget "week5UITests" */ = {
			isa = XCConfigurationList;
			buildConfigurations = (
				31D228E12AED27B0000C5712 /* Debug */,
				31D228E22AED27B0000C5712 /* Release */,
			);
			defaultConfigurationIsVisible = 0;
			defaultConfigurationName = Release;
		};
/* End XCConfigurationList section */

/* Begin XCRemoteSwiftPackageReference section */
		31D48C1B2AEE756C00C1FFEC /* XCRemoteSwiftPackageReference "kakao-ios-sdk" */ = {
			isa = XCRemoteSwiftPackageReference;
			repositoryURL = "https://github.com/kakao/kakao-ios-sdk";
			requirement = {
				kind = upToNextMajorVersion;
				minimumVersion = 2.18.1;
			};
		};
		31D48C1E2AEE759E00C1FFEC /* XCRemoteSwiftPackageReference "Moya" */ = {
			isa = XCRemoteSwiftPackageReference;
			repositoryURL = "https://github.com/Moya/Moya.git";
			requirement = {
				kind = upToNextMajorVersion;
				minimumVersion = 15.0.3;
			};
		};
		31D48C212AEE77BF00C1FFEC /* XCRemoteSwiftPackageReference "SnapKit" */ = {
			isa = XCRemoteSwiftPackageReference;
			repositoryURL = "https://github.com/SnapKit/SnapKit.git";
			requirement = {
				kind = upToNextMajorVersion;
				minimumVersion = 5.6.0;
			};
		};
/* End XCRemoteSwiftPackageReference section */

/* Begin XCSwiftPackageProductDependency section */
		31D48C1C2AEE756C00C1FFEC /* KakaoSDK */ = {
			isa = XCSwiftPackageProductDependency;
			package = 31D48C1B2AEE756C00C1FFEC /* XCRemoteSwiftPackageReference "kakao-ios-sdk" */;
			productName = KakaoSDK;
		};
		31D48C1F2AEE759E00C1FFEC /* Moya */ = {
			isa = XCSwiftPackageProductDependency;
			package = 31D48C1E2AEE759E00C1FFEC /* XCRemoteSwiftPackageReference "Moya" */;
			productName = Moya;
		};
		31D48C222AEE77BF00C1FFEC /* SnapKit */ = {
			isa = XCSwiftPackageProductDependency;
			package = 31D48C212AEE77BF00C1FFEC /* XCRemoteSwiftPackageReference "SnapKit" */;
			productName = SnapKit;
		};
/* End XCSwiftPackageProductDependency section */
	};
	rootObject = 31D228A82AED27AF000C5712 /* Project object */;
}
