// !$*UTF8*$!
{
	archiveVersion = 1;
	classes = {
	};
	objectVersion = 56;
	objects = {

/* Begin PBXBuildFile section */
		C154C66B2ADC941A00E9C094 /* ShoppingBasketViewController.swift in Sources */ = {isa = PBXBuildFile; fileRef = C154C66A2ADC941A00E9C094 /* ShoppingBasketViewController.swift */; };
		C18A04A92AD80E7B00C19FA1 /* AppDelegate.swift in Sources */ = {isa = PBXBuildFile; fileRef = C18A04A82AD80E7B00C19FA1 /* AppDelegate.swift */; };
		C18A04AB2AD80E7B00C19FA1 /* SceneDelegate.swift in Sources */ = {isa = PBXBuildFile; fileRef = C18A04AA2AD80E7B00C19FA1 /* SceneDelegate.swift */; };
		C18A04AD2AD80E7B00C19FA1 /* ViewController.swift in Sources */ = {isa = PBXBuildFile; fileRef = C18A04AC2AD80E7B00C19FA1 /* ViewController.swift */; };
		C18A04B02AD80E7B00C19FA1 /* Main.storyboard in Resources */ = {isa = PBXBuildFile; fileRef = C18A04AE2AD80E7B00C19FA1 /* Main.storyboard */; };
		C18A04B22AD80E7C00C19FA1 /* Assets.xcassets in Resources */ = {isa = PBXBuildFile; fileRef = C18A04B12AD80E7C00C19FA1 /* Assets.xcassets */; };
		C18A04B52AD80E7C00C19FA1 /* LaunchScreen.storyboard in Resources */ = {isa = PBXBuildFile; fileRef = C18A04B32AD80E7C00C19FA1 /* LaunchScreen.storyboard */; };
		C18A04C02AD80F8600C19FA1 /* UIPreview.swift in Sources */ = {isa = PBXBuildFile; fileRef = C18A04BF2AD80F8600C19FA1 /* UIPreview.swift */; };
		C18A04C32AD8113E00C19FA1 /* SnapKit in Frameworks */ = {isa = PBXBuildFile; productRef = C18A04C22AD8113E00C19FA1 /* SnapKit */; };
		C18A04C52AD8113E00C19FA1 /* SnapKit-Dynamic in Frameworks */ = {isa = PBXBuildFile; productRef = C18A04C42AD8113E00C19FA1 /* SnapKit-Dynamic */; };
		C18A04C72AD825E000C19FA1 /* SizeView.swift in Sources */ = {isa = PBXBuildFile; fileRef = C18A04C62AD825E000C19FA1 /* SizeView.swift */; };
		C18A04C92ADA84E100C19FA1 /* GoShoppingBasketView.swift in Sources */ = {isa = PBXBuildFile; fileRef = C18A04C82ADA84E100C19FA1 /* GoShoppingBasketView.swift */; };
		C18A04CB2ADA919300C19FA1 /* TopView.swift in Sources */ = {isa = PBXBuildFile; fileRef = C18A04CA2ADA919300C19FA1 /* TopView.swift */; };
/* End PBXBuildFile section */

/* Begin PBXFileReference section */
		C154C66A2ADC941A00E9C094 /* ShoppingBasketViewController.swift */ = {isa = PBXFileReference; lastKnownFileType = sourcecode.swift; path = ShoppingBasketViewController.swift; sourceTree = "<group>"; };
		C18A04A52AD80E7B00C19FA1 /* Baemin.app */ = {isa = PBXFileReference; explicitFileType = wrapper.application; includeInIndex = 0; path = Baemin.app; sourceTree = BUILT_PRODUCTS_DIR; };
		C18A04A82AD80E7B00C19FA1 /* AppDelegate.swift */ = {isa = PBXFileReference; lastKnownFileType = sourcecode.swift; path = AppDelegate.swift; sourceTree = "<group>"; };
		C18A04AA2AD80E7B00C19FA1 /* SceneDelegate.swift */ = {isa = PBXFileReference; lastKnownFileType = sourcecode.swift; path = SceneDelegate.swift; sourceTree = "<group>"; };
		C18A04AC2AD80E7B00C19FA1 /* ViewController.swift */ = {isa = PBXFileReference; lastKnownFileType = sourcecode.swift; path = ViewController.swift; sourceTree = "<group>"; };
		C18A04AF2AD80E7B00C19FA1 /* Base */ = {isa = PBXFileReference; lastKnownFileType = file.storyboard; name = Base; path = Base.lproj/Main.storyboard; sourceTree = "<group>"; };
		C18A04B12AD80E7C00C19FA1 /* Assets.xcassets */ = {isa = PBXFileReference; lastKnownFileType = folder.assetcatalog; path = Assets.xcassets; sourceTree = "<group>"; };
		C18A04B42AD80E7C00C19FA1 /* Base */ = {isa = PBXFileReference; lastKnownFileType = file.storyboard; name = Base; path = Base.lproj/LaunchScreen.storyboard; sourceTree = "<group>"; };
		C18A04B62AD80E7C00C19FA1 /* Info.plist */ = {isa = PBXFileReference; lastKnownFileType = text.plist.xml; path = Info.plist; sourceTree = "<group>"; };
		C18A04BF2AD80F8600C19FA1 /* UIPreview.swift */ = {isa = PBXFileReference; lastKnownFileType = sourcecode.swift; path = UIPreview.swift; sourceTree = "<group>"; };
		C18A04C62AD825E000C19FA1 /* SizeView.swift */ = {isa = PBXFileReference; lastKnownFileType = sourcecode.swift; path = SizeView.swift; sourceTree = "<group>"; };
		C18A04C82ADA84E100C19FA1 /* GoShoppingBasketView.swift */ = {isa = PBXFileReference; lastKnownFileType = sourcecode.swift; path = GoShoppingBasketView.swift; sourceTree = "<group>"; };
		C18A04CA2ADA919300C19FA1 /* TopView.swift */ = {isa = PBXFileReference; lastKnownFileType = sourcecode.swift; path = TopView.swift; sourceTree = "<group>"; };
/* End PBXFileReference section */

/* Begin PBXFrameworksBuildPhase section */
		C18A04A22AD80E7B00C19FA1 /* Frameworks */ = {
			isa = PBXFrameworksBuildPhase;
			buildActionMask = 2147483647;
			files = (
				C18A04C32AD8113E00C19FA1 /* SnapKit in Frameworks */,
				C18A04C52AD8113E00C19FA1 /* SnapKit-Dynamic in Frameworks */,
			);
			runOnlyForDeploymentPostprocessing = 0;
		};
/* End PBXFrameworksBuildPhase section */

/* Begin PBXGroup section */
		C18A049C2AD80E7B00C19FA1 = {
			isa = PBXGroup;
			children = (
				C18A04A72AD80E7B00C19FA1 /* Baemin */,
				C18A04A62AD80E7B00C19FA1 /* Products */,
			);
			sourceTree = "<group>";
		};
		C18A04A62AD80E7B00C19FA1 /* Products */ = {
			isa = PBXGroup;
			children = (
				C18A04A52AD80E7B00C19FA1 /* Baemin.app */,
			);
			name = Products;
			sourceTree = "<group>";
		};
		C18A04A72AD80E7B00C19FA1 /* Baemin */ = {
			isa = PBXGroup;
			children = (
				C18A04BE2AD80E8B00C19FA1 /* Controller */,
				C18A04BD2AD80E8700C19FA1 /* View */,
				C18A04BC2AD80E8100C19FA1 /* Model */,
				C18A04A82AD80E7B00C19FA1 /* AppDelegate.swift */,
				C18A04AA2AD80E7B00C19FA1 /* SceneDelegate.swift */,
				C18A04B12AD80E7C00C19FA1 /* Assets.xcassets */,
				C18A04B32AD80E7C00C19FA1 /* LaunchScreen.storyboard */,
				C18A04B62AD80E7C00C19FA1 /* Info.plist */,
			);
			path = Baemin;
			sourceTree = "<group>";
		};
		C18A04BC2AD80E8100C19FA1 /* Model */ = {
			isa = PBXGroup;
			children = (
				C18A04BF2AD80F8600C19FA1 /* UIPreview.swift */,
			);
			path = Model;
			sourceTree = "<group>";
		};
		C18A04BD2AD80E8700C19FA1 /* View */ = {
			isa = PBXGroup;
			children = (
				C18A04AE2AD80E7B00C19FA1 /* Main.storyboard */,
				C18A04C62AD825E000C19FA1 /* SizeView.swift */,
				C18A04C82ADA84E100C19FA1 /* GoShoppingBasketView.swift */,
				C18A04CA2ADA919300C19FA1 /* TopView.swift */,
			);
			path = View;
			sourceTree = "<group>";
		};
		C18A04BE2AD80E8B00C19FA1 /* Controller */ = {
			isa = PBXGroup;
			children = (
				C18A04AC2AD80E7B00C19FA1 /* ViewController.swift */,
				C154C66A2ADC941A00E9C094 /* ShoppingBasketViewController.swift */,
			);
			path = Controller;
			sourceTree = "<group>";
		};
/* End PBXGroup section */

/* Begin PBXNativeTarget section */
		C18A04A42AD80E7B00C19FA1 /* Baemin */ = {
			isa = PBXNativeTarget;
			buildConfigurationList = C18A04B92AD80E7C00C19FA1 /* Build configuration list for PBXNativeTarget "Baemin" */;
			buildPhases = (
				C18A04A12AD80E7B00C19FA1 /* Sources */,
				C18A04A22AD80E7B00C19FA1 /* Frameworks */,
				C18A04A32AD80E7B00C19FA1 /* Resources */,
			);
			buildRules = (
			);
			dependencies = (
			);
			name = Baemin;
			packageProductDependencies = (
				C18A04C22AD8113E00C19FA1 /* SnapKit */,
				C18A04C42AD8113E00C19FA1 /* SnapKit-Dynamic */,
			);
			productName = Baemin;
			productReference = C18A04A52AD80E7B00C19FA1 /* Baemin.app */;
			productType = "com.apple.product-type.application";
		};
/* End PBXNativeTarget section */

/* Begin PBXProject section */
		C18A049D2AD80E7B00C19FA1 /* Project object */ = {
			isa = PBXProject;
			attributes = {
				BuildIndependentTargetsInParallel = 1;
				LastSwiftUpdateCheck = 1500;
				LastUpgradeCheck = 1500;
				TargetAttributes = {
					C18A04A42AD80E7B00C19FA1 = {
						CreatedOnToolsVersion = 15.0;
					};
				};
			};
			buildConfigurationList = C18A04A02AD80E7B00C19FA1 /* Build configuration list for PBXProject "Baemin" */;
			compatibilityVersion = "Xcode 14.0";
			developmentRegion = en;
			hasScannedForEncodings = 0;
			knownRegions = (
				en,
				Base,
			);
			mainGroup = C18A049C2AD80E7B00C19FA1;
			packageReferences = (
				C18A04C12AD8113E00C19FA1 /* XCRemoteSwiftPackageReference "SnapKit" */,
			);
			productRefGroup = C18A04A62AD80E7B00C19FA1 /* Products */;
			projectDirPath = "";
			projectRoot = "";
			targets = (
				C18A04A42AD80E7B00C19FA1 /* Baemin */,
			);
		};
/* End PBXProject section */

/* Begin PBXResourcesBuildPhase section */
		C18A04A32AD80E7B00C19FA1 /* Resources */ = {
			isa = PBXResourcesBuildPhase;
			buildActionMask = 2147483647;
			files = (
				C18A04B52AD80E7C00C19FA1 /* LaunchScreen.storyboard in Resources */,
				C18A04B22AD80E7C00C19FA1 /* Assets.xcassets in Resources */,
				C18A04B02AD80E7B00C19FA1 /* Main.storyboard in Resources */,
			);
			runOnlyForDeploymentPostprocessing = 0;
		};
/* End PBXResourcesBuildPhase section */

/* Begin PBXSourcesBuildPhase section */
		C18A04A12AD80E7B00C19FA1 /* Sources */ = {
			isa = PBXSourcesBuildPhase;
			buildActionMask = 2147483647;
			files = (
				C18A04CB2ADA919300C19FA1 /* TopView.swift in Sources */,
				C18A04AD2AD80E7B00C19FA1 /* ViewController.swift in Sources */,
				C18A04A92AD80E7B00C19FA1 /* AppDelegate.swift in Sources */,
				C18A04C92ADA84E100C19FA1 /* GoShoppingBasketView.swift in Sources */,
				C18A04C02AD80F8600C19FA1 /* UIPreview.swift in Sources */,
				C18A04C72AD825E000C19FA1 /* SizeView.swift in Sources */,
				C154C66B2ADC941A00E9C094 /* ShoppingBasketViewController.swift in Sources */,
				C18A04AB2AD80E7B00C19FA1 /* SceneDelegate.swift in Sources */,
			);
			runOnlyForDeploymentPostprocessing = 0;
		};
/* End PBXSourcesBuildPhase section */

/* Begin PBXVariantGroup section */
		C18A04AE2AD80E7B00C19FA1 /* Main.storyboard */ = {
			isa = PBXVariantGroup;
			children = (
				C18A04AF2AD80E7B00C19FA1 /* Base */,
			);
			name = Main.storyboard;
			sourceTree = "<group>";
		};
		C18A04B32AD80E7C00C19FA1 /* LaunchScreen.storyboard */ = {
			isa = PBXVariantGroup;
			children = (
				C18A04B42AD80E7C00C19FA1 /* Base */,
			);
			name = LaunchScreen.storyboard;
			sourceTree = "<group>";
		};
/* End PBXVariantGroup section */

/* Begin XCBuildConfiguration section */
		C18A04B72AD80E7C00C19FA1 /* Debug */ = {
			isa = XCBuildConfiguration;
			buildSettings = {
				ALWAYS_SEARCH_USER_PATHS = NO;
				ASSETCATALOG_COMPILER_GENERATE_SWIFT_ASSET_SYMBOL_EXTENSIONS = YES;
				CLANG_ANALYZER_NONNULL = YES;
				CLANG_ANALYZER_NUMBER_OBJECT_CONVERSION = YES_AGGRESSIVE;
				CLANG_CXX_LANGUAGE_STANDARD = "gnu++20";
				CLANG_ENABLE_MODULES = YES;
				CLANG_ENABLE_OBJC_ARC = YES;
				CLANG_ENABLE_OBJC_WEAK = YES;
				CLANG_WARN_BLOCK_CAPTURE_AUTORELEASING = YES;
				CLANG_WARN_BOOL_CONVERSION = YES;
				CLANG_WARN_COMMA = YES;
				CLANG_WARN_CONSTANT_CONVERSION = YES;
				CLANG_WARN_DEPRECATED_OBJC_IMPLEMENTATIONS = YES;
				CLANG_WARN_DIRECT_OBJC_ISA_USAGE = YES_ERROR;
				CLANG_WARN_DOCUMENTATION_COMMENTS = YES;
				CLANG_WARN_EMPTY_BODY = YES;
				CLANG_WARN_ENUM_CONVERSION = YES;
				CLANG_WARN_INFINITE_RECURSION = YES;
				CLANG_WARN_INT_CONVERSION = YES;
				CLANG_WARN_NON_LITERAL_NULL_CONVERSION = YES;
				CLANG_WARN_OBJC_IMPLICIT_RETAIN_SELF = YES;
				CLANG_WARN_OBJC_LITERAL_CONVERSION = YES;
				CLANG_WARN_OBJC_ROOT_CLASS = YES_ERROR;
				CLANG_WARN_QUOTED_INCLUDE_IN_FRAMEWORK_HEADER = YES;
				CLANG_WARN_RANGE_LOOP_ANALYSIS = YES;
				CLANG_WARN_STRICT_PROTOTYPES = YES;
				CLANG_WARN_SUSPICIOUS_MOVE = YES;
				CLANG_WARN_UNGUARDED_AVAILABILITY = YES_AGGRESSIVE;
				CLANG_WARN_UNREACHABLE_CODE = YES;
				CLANG_WARN__DUPLICATE_METHOD_MATCH = YES;
				COPY_PHASE_STRIP = NO;
				DEBUG_INFORMATION_FORMAT = dwarf;
				ENABLE_STRICT_OBJC_MSGSEND = YES;
				ENABLE_TESTABILITY = YES;
				ENABLE_USER_SCRIPT_SANDBOXING = YES;
				GCC_C_LANGUAGE_STANDARD = gnu17;
				GCC_DYNAMIC_NO_PIC = NO;
				GCC_NO_COMMON_BLOCKS = YES;
				GCC_OPTIMIZATION_LEVEL = 0;
				GCC_PREPROCESSOR_DEFINITIONS = (
					"DEBUG=1",
					"$(inherited)",
				);
				GCC_WARN_64_TO_32_BIT_CONVERSION = YES;
				GCC_WARN_ABOUT_RETURN_TYPE = YES_ERROR;
				GCC_WARN_UNDECLARED_SELECTOR = YES;
				GCC_WARN_UNINITIALIZED_AUTOS = YES_AGGRESSIVE;
				GCC_WARN_UNUSED_FUNCTION = YES;
				GCC_WARN_UNUSED_VARIABLE = YES;
				IPHONEOS_DEPLOYMENT_TARGET = 17.0;
				LOCALIZATION_PREFERS_STRING_CATALOGS = YES;
				MTL_ENABLE_DEBUG_INFO = INCLUDE_SOURCE;
				MTL_FAST_MATH = YES;
				ONLY_ACTIVE_ARCH = YES;
				SDKROOT = iphoneos;
				SWIFT_ACTIVE_COMPILATION_CONDITIONS = "DEBUG $(inherited)";
				SWIFT_OPTIMIZATION_LEVEL = "-Onone";
			};
			name = Debug;
		};
		C18A04B82AD80E7C00C19FA1 /* Release */ = {
			isa = XCBuildConfiguration;
			buildSettings = {
				ALWAYS_SEARCH_USER_PATHS = NO;
				ASSETCATALOG_COMPILER_GENERATE_SWIFT_ASSET_SYMBOL_EXTENSIONS = YES;
				CLANG_ANALYZER_NONNULL = YES;
				CLANG_ANALYZER_NUMBER_OBJECT_CONVERSION = YES_AGGRESSIVE;
				CLANG_CXX_LANGUAGE_STANDARD = "gnu++20";
				CLANG_ENABLE_MODULES = YES;
				CLANG_ENABLE_OBJC_ARC = YES;
				CLANG_ENABLE_OBJC_WEAK = YES;
				CLANG_WARN_BLOCK_CAPTURE_AUTORELEASING = YES;
				CLANG_WARN_BOOL_CONVERSION = YES;
				CLANG_WARN_COMMA = YES;
				CLANG_WARN_CONSTANT_CONVERSION = YES;
				CLANG_WARN_DEPRECATED_OBJC_IMPLEMENTATIONS = YES;
				CLANG_WARN_DIRECT_OBJC_ISA_USAGE = YES_ERROR;
				CLANG_WARN_DOCUMENTATION_COMMENTS = YES;
				CLANG_WARN_EMPTY_BODY = YES;
				CLANG_WARN_ENUM_CONVERSION = YES;
				CLANG_WARN_INFINITE_RECURSION = YES;
				CLANG_WARN_INT_CONVERSION = YES;
				CLANG_WARN_NON_LITERAL_NULL_CONVERSION = YES;
				CLANG_WARN_OBJC_IMPLICIT_RETAIN_SELF = YES;
				CLANG_WARN_OBJC_LITERAL_CONVERSION = YES;
				CLANG_WARN_OBJC_ROOT_CLASS = YES_ERROR;
				CLANG_WARN_QUOTED_INCLUDE_IN_FRAMEWORK_HEADER = YES;
				CLANG_WARN_RANGE_LOOP_ANALYSIS = YES;
				CLANG_WARN_STRICT_PROTOTYPES = YES;
				CLANG_WARN_SUSPICIOUS_MOVE = YES;
				CLANG_WARN_UNGUARDED_AVAILABILITY = YES_AGGRESSIVE;
				CLANG_WARN_UNREACHABLE_CODE = YES;
				CLANG_WARN__DUPLICATE_METHOD_MATCH = YES;
				COPY_PHASE_STRIP = NO;
				DEBUG_INFORMATION_FORMAT = "dwarf-with-dsym";
				ENABLE_NS_ASSERTIONS = NO;
				ENABLE_STRICT_OBJC_MSGSEND = YES;
				ENABLE_USER_SCRIPT_SANDBOXING = YES;
				GCC_C_LANGUAGE_STANDARD = gnu17;
				GCC_NO_COMMON_BLOCKS = YES;
				GCC_WARN_64_TO_32_BIT_CONVERSION = YES;
				GCC_WARN_ABOUT_RETURN_TYPE = YES_ERROR;
				GCC_WARN_UNDECLARED_SELECTOR = YES;
				GCC_WARN_UNINITIALIZED_AUTOS = YES_AGGRESSIVE;
				GCC_WARN_UNUSED_FUNCTION = YES;
				GCC_WARN_UNUSED_VARIABLE = YES;
				IPHONEOS_DEPLOYMENT_TARGET = 17.0;
				LOCALIZATION_PREFERS_STRING_CATALOGS = YES;
				MTL_ENABLE_DEBUG_INFO = NO;
				MTL_FAST_MATH = YES;
				SDKROOT = iphoneos;
				SWIFT_COMPILATION_MODE = wholemodule;
				VALIDATE_PRODUCT = YES;
			};
			name = Release;
		};
		C18A04BA2AD80E7C00C19FA1 /* Debug */ = {
			isa = XCBuildConfiguration;
			buildSettings = {
				ASSETCATALOG_COMPILER_APPICON_NAME = AppIcon;
				ASSETCATALOG_COMPILER_GLOBAL_ACCENT_COLOR_NAME = AccentColor;
				CODE_SIGN_STYLE = Automatic;
				CURRENT_PROJECT_VERSION = 1;
				DEVELOPMENT_TEAM = G2C8H2LVDV;
				GENERATE_INFOPLIST_FILE = YES;
				INFOPLIST_FILE = Baemin/Info.plist;
				INFOPLIST_KEY_UIApplicationSupportsIndirectInputEvents = YES;
				INFOPLIST_KEY_UILaunchStoryboardName = LaunchScreen;
				INFOPLIST_KEY_UIMainStoryboardFile = Main;
				INFOPLIST_KEY_UISupportedInterfaceOrientations_iPad = "UIInterfaceOrientationPortrait UIInterfaceOrientationPortraitUpsideDown UIInterfaceOrientationLandscapeLeft UIInterfaceOrientationLandscapeRight";
				INFOPLIST_KEY_UISupportedInterfaceOrientations_iPhone = "UIInterfaceOrientationPortrait UIInterfaceOrientationLandscapeLeft UIInterfaceOrientationLandscapeRight";
				LD_RUNPATH_SEARCH_PATHS = (
					"$(inherited)",
					"@executable_path/Frameworks",
				);
				MARKETING_VERSION = 1.0;
				PRODUCT_BUNDLE_IDENTIFIER = LeeHyunHo.Baemin;
				PRODUCT_NAME = "$(TARGET_NAME)";
				SWIFT_EMIT_LOC_STRINGS = YES;
				SWIFT_VERSION = 5.0;
				TARGETED_DEVICE_FAMILY = "1,2";
			};
			name = Debug;
		};
		C18A04BB2AD80E7C00C19FA1 /* Release */ = {
			isa = XCBuildConfiguration;
			buildSettings = {
				ASSETCATALOG_COMPILER_APPICON_NAME = AppIcon;
				ASSETCATALOG_COMPILER_GLOBAL_ACCENT_COLOR_NAME = AccentColor;
				CODE_SIGN_STYLE = Automatic;
				CURRENT_PROJECT_VERSION = 1;
				DEVELOPMENT_TEAM = G2C8H2LVDV;
				GENERATE_INFOPLIST_FILE = YES;
				INFOPLIST_FILE = Baemin/Info.plist;
				INFOPLIST_KEY_UIApplicationSupportsIndirectInputEvents = YES;
				INFOPLIST_KEY_UILaunchStoryboardName = LaunchScreen;
				INFOPLIST_KEY_UIMainStoryboardFile = Main;
				INFOPLIST_KEY_UISupportedInterfaceOrientations_iPad = "UIInterfaceOrientationPortrait UIInterfaceOrientationPortraitUpsideDown UIInterfaceOrientationLandscapeLeft UIInterfaceOrientationLandscapeRight";
				INFOPLIST_KEY_UISupportedInterfaceOrientations_iPhone = "UIInterfaceOrientationPortrait UIInterfaceOrientationLandscapeLeft UIInterfaceOrientationLandscapeRight";
				LD_RUNPATH_SEARCH_PATHS = (
					"$(inherited)",
					"@executable_path/Frameworks",
				);
				MARKETING_VERSION = 1.0;
				PRODUCT_BUNDLE_IDENTIFIER = LeeHyunHo.Baemin;
				PRODUCT_NAME = "$(TARGET_NAME)";
				SWIFT_EMIT_LOC_STRINGS = YES;
				SWIFT_VERSION = 5.0;
				TARGETED_DEVICE_FAMILY = "1,2";
			};
			name = Release;
		};
/* End XCBuildConfiguration section */

/* Begin XCConfigurationList section */
		C18A04A02AD80E7B00C19FA1 /* Build configuration list for PBXProject "Baemin" */ = {
			isa = XCConfigurationList;
			buildConfigurations = (
				C18A04B72AD80E7C00C19FA1 /* Debug */,
				C18A04B82AD80E7C00C19FA1 /* Release */,
			);
			defaultConfigurationIsVisible = 0;
			defaultConfigurationName = Release;
		};
		C18A04B92AD80E7C00C19FA1 /* Build configuration list for PBXNativeTarget "Baemin" */ = {
			isa = XCConfigurationList;
			buildConfigurations = (
				C18A04BA2AD80E7C00C19FA1 /* Debug */,
				C18A04BB2AD80E7C00C19FA1 /* Release */,
			);
			defaultConfigurationIsVisible = 0;
			defaultConfigurationName = Release;
		};
/* End XCConfigurationList section */

/* Begin XCRemoteSwiftPackageReference section */
		C18A04C12AD8113E00C19FA1 /* XCRemoteSwiftPackageReference "SnapKit" */ = {
			isa = XCRemoteSwiftPackageReference;
			repositoryURL = "https://github.com/SnapKit/SnapKit.git";
			requirement = {
				kind = upToNextMajorVersion;
				minimumVersion = 5.6.0;
			};
		};
/* End XCRemoteSwiftPackageReference section */

/* Begin XCSwiftPackageProductDependency section */
		C18A04C22AD8113E00C19FA1 /* SnapKit */ = {
			isa = XCSwiftPackageProductDependency;
			package = C18A04C12AD8113E00C19FA1 /* XCRemoteSwiftPackageReference "SnapKit" */;
			productName = SnapKit;
		};
		C18A04C42AD8113E00C19FA1 /* SnapKit-Dynamic */ = {
			isa = XCSwiftPackageProductDependency;
			package = C18A04C12AD8113E00C19FA1 /* XCRemoteSwiftPackageReference "SnapKit" */;
			productName = "SnapKit-Dynamic";
		};
/* End XCSwiftPackageProductDependency section */
	};
	rootObject = C18A049D2AD80E7B00C19FA1 /* Project object */;
}
